
Microsoft Visual Studio Solution File, Format Version 12.00
# Visual Studio Version 16
VisualStudioVersion = 16.0.30611.23
MinimumVisualStudioVersion = 10.0.40219.1
Project("{FAE04EC0-301F-11D3-BF4B-00C04F79EFBC}") = "GameServer", "GameServer\GameServer.csproj", "{FD2D999F-7E5B-4DB4-A4CD-D1E4F71BCB2F}"
EndProject
Global
	GlobalSection(SolutionConfigurationPlatforms) = preSolution
		Debug|Any CPU = Debug|Any CPU
		Release|Any CPU = Release|Any CPU
	EndGlobalSection
	GlobalSection(ProjectConfigurationPlatforms) = postSolution
		{FD2D999F-7E5B-4DB4-A4CD-D1E4F71BCB2F}.Debug|Any CPU.ActiveCfg = Debug|Any CPU
		{FD2D999F-7E5B-4DB4-A4CD-D1E4F71BCB2F}.Debug|Any CPU.Build.0 = Debug|Any CPU
		{FD2D999F-7E5B-4DB4-A4CD-D1E4F71BCB2F}.Release|Any CPU.ActiveCfg = Release|Any CPU
		{FD2D999F-7E5B-4DB4-A4CD-D1E4F71BCB2F}.Release|Any CPU.Build.0 = Release|Any CPU
	EndGlobalSection
	GlobalSection(SolutionProperties) = preSolution
		HideSolutionNode = FALSE
	EndGlobalSection
	GlobalSection(ExtensibilityGlobals) = postSolution
		SolutionGuid = {820EB215-FD1B-4D24-BE71-F615DC52D80B}
	EndGlobalSection
EndGlobal
